// !$*UTF8*$!
{
	archiveVersion = 1;
	classes = {
	};
	objectVersion = 50;
	objects = {

/* Begin PBXBuildFile section */
		99971379669CE3D00B676190 /* Pods_Instagram.framework in Frameworks */ = {isa = PBXBuildFile; fileRef = D70F5FA9D891A056F9D165F9 /* Pods_Instagram.framework */; };
		EDF1CAC820C6E7F800BB63F4 /* AppDelegate.swift in Sources */ = {isa = PBXBuildFile; fileRef = EDF1CAC720C6E7F800BB63F4 /* AppDelegate.swift */; };
		EDF1CACA20C6E7F800BB63F4 /* ViewController.swift in Sources */ = {isa = PBXBuildFile; fileRef = EDF1CAC920C6E7F800BB63F4 /* ViewController.swift */; };
		EDF1CACD20C6E7F800BB63F4 /* Main.storyboard in Resources */ = {isa = PBXBuildFile; fileRef = EDF1CACB20C6E7F800BB63F4 /* Main.storyboard */; };
		EDF1CACF20C6E7F900BB63F4 /* Assets.xcassets in Resources */ = {isa = PBXBuildFile; fileRef = EDF1CACE20C6E7F900BB63F4 /* Assets.xcassets */; };
		EDF1CAD220C6E7F900BB63F4 /* LaunchScreen.storyboard in Resources */ = {isa = PBXBuildFile; fileRef = EDF1CAD020C6E7F900BB63F4 /* LaunchScreen.storyboard */; };
		EDF1CADD20C6E7F900BB63F4 /* InstagramTests.swift in Sources */ = {isa = PBXBuildFile; fileRef = EDF1CADC20C6E7F900BB63F4 /* InstagramTests.swift */; };
		EDF1CAE820C6E7F900BB63F4 /* InstagramUITests.swift in Sources */ = {isa = PBXBuildFile; fileRef = EDF1CAE720C6E7F900BB63F4 /* InstagramUITests.swift */; };
/* End PBXBuildFile section */

/* Begin PBXContainerItemProxy section */
		EDF1CAD920C6E7F900BB63F4 /* PBXContainerItemProxy */ = {
			isa = PBXContainerItemProxy;
			containerPortal = EDF1CABC20C6E7F800BB63F4 /* Project object */;
			proxyType = 1;
			remoteGlobalIDString = EDF1CAC320C6E7F800BB63F4;
			remoteInfo = Instagram;
		};
		EDF1CAE420C6E7F900BB63F4 /* PBXContainerItemProxy */ = {
			isa = PBXContainerItemProxy;
			containerPortal = EDF1CABC20C6E7F800BB63F4 /* Project object */;
			proxyType = 1;
			remoteGlobalIDString = EDF1CAC320C6E7F800BB63F4;
			remoteInfo = Instagram;
		};
/* End PBXContainerItemProxy section */

/* Begin PBXFileReference section */
		766C108A5D8D91D3A9F4EADD /* Pods-Instagram.debug.xcconfig */ = {isa = PBXFileReference; includeInIndex = 1; lastKnownFileType = text.xcconfig; name = "Pods-Instagram.debug.xcconfig"; path = "Pods/Target Support Files/Pods-Instagram/Pods-Instagram.debug.xcconfig"; sourceTree = "<group>"; };
		D70F5FA9D891A056F9D165F9 /* Pods_Instagram.framework */ = {isa = PBXFileReference; explicitFileType = wrapper.framework; includeInIndex = 0; path = Pods_Instagram.framework; sourceTree = BUILT_PRODUCTS_DIR; };
		DEC02BCA518879BB21B38ED5 /* Pods-Instagram.release.xcconfig */ = {isa = PBXFileReference; includeInIndex = 1; lastKnownFileType = text.xcconfig; name = "Pods-Instagram.release.xcconfig"; path = "Pods/Target Support Files/Pods-Instagram/Pods-Instagram.release.xcconfig"; sourceTree = "<group>"; };
		EDF1CAC420C6E7F800BB63F4 /* Instagram.app */ = {isa = PBXFileReference; explicitFileType = wrapper.application; includeInIndex = 0; path = Instagram.app; sourceTree = BUILT_PRODUCTS_DIR; };
		EDF1CAC720C6E7F800BB63F4 /* AppDelegate.swift */ = {isa = PBXFileReference; lastKnownFileType = sourcecode.swift; path = AppDelegate.swift; sourceTree = "<group>"; };
		EDF1CAC920C6E7F800BB63F4 /* ViewController.swift */ = {isa = PBXFileReference; lastKnownFileType = sourcecode.swift; path = ViewController.swift; sourceTree = "<group>"; };
		EDF1CACC20C6E7F800BB63F4 /* Base */ = {isa = PBXFileReference; lastKnownFileType = file.storyboard; name = Base; path = Base.lproj/Main.storyboard; sourceTree = "<group>"; };
		EDF1CACE20C6E7F900BB63F4 /* Assets.xcassets */ = {isa = PBXFileReference; lastKnownFileType = folder.assetcatalog; path = Assets.xcassets; sourceTree = "<group>"; };
		EDF1CAD120C6E7F900BB63F4 /* Base */ = {isa = PBXFileReference; lastKnownFileType = file.storyboard; name = Base; path = Base.lproj/LaunchScreen.storyboard; sourceTree = "<group>"; };
		EDF1CAD320C6E7F900BB63F4 /* Info.plist */ = {isa = PBXFileReference; lastKnownFileType = text.plist.xml; path = Info.plist; sourceTree = "<group>"; };
		EDF1CAD820C6E7F900BB63F4 /* InstagramTests.xctest */ = {isa = PBXFileReference; explicitFileType = wrapper.cfbundle; includeInIndex = 0; path = InstagramTests.xctest; sourceTree = BUILT_PRODUCTS_DIR; };
		EDF1CADC20C6E7F900BB63F4 /* InstagramTests.swift */ = {isa = PBXFileReference; lastKnownFileType = sourcecode.swift; path = InstagramTests.swift; sourceTree = "<group>"; };
		EDF1CADE20C6E7F900BB63F4 /* Info.plist */ = {isa = PBXFileReference; lastKnownFileType = text.plist.xml; path = Info.plist; sourceTree = "<group>"; };
		EDF1CAE320C6E7F900BB63F4 /* InstagramUITests.xctest */ = {isa = PBXFileReference; explicitFileType = wrapper.cfbundle; includeInIndex = 0; path = InstagramUITests.xctest; sourceTree = BUILT_PRODUCTS_DIR; };
		EDF1CAE720C6E7F900BB63F4 /* InstagramUITests.swift */ = {isa = PBXFileReference; lastKnownFileType = sourcecode.swift; path = InstagramUITests.swift; sourceTree = "<group>"; };
		EDF1CAE920C6E7F900BB63F4 /* Info.plist */ = {isa = PBXFileReference; lastKnownFileType = text.plist.xml; path = Info.plist; sourceTree = "<group>"; };
/* End PBXFileReference section */

/* Begin PBXFrameworksBuildPhase section */
		EDF1CAC120C6E7F800BB63F4 /* Frameworks */ = {
			isa = PBXFrameworksBuildPhase;
			buildActionMask = 2147483647;
			files = (
				99971379669CE3D00B676190 /* Pods_Instagram.framework in Frameworks */,
			);
			runOnlyForDeploymentPostprocessing = 0;
		};
		EDF1CAD520C6E7F900BB63F4 /* Frameworks */ = {
			isa = PBXFrameworksBuildPhase;
			buildActionMask = 2147483647;
			files = (
			);
			runOnlyForDeploymentPostprocessing = 0;
		};
		EDF1CAE020C6E7F900BB63F4 /* Frameworks */ = {
			isa = PBXFrameworksBuildPhase;
			buildActionMask = 2147483647;
			files = (
			);
			runOnlyForDeploymentPostprocessing = 0;
		};
/* End PBXFrameworksBuildPhase section */

/* Begin PBXGroup section */
		3CDE79DB3F203B343347A4EE /* Pods */ = {
			isa = PBXGroup;
			children = (
				766C108A5D8D91D3A9F4EADD /* Pods-Instagram.debug.xcconfig */,
				DEC02BCA518879BB21B38ED5 /* Pods-Instagram.release.xcconfig */,
			);
			name = Pods;
			sourceTree = "<group>";
		};
		EDF1CABB20C6E7F800BB63F4 = {
			isa = PBXGroup;
			children = (
				EDF1CAC620C6E7F800BB63F4 /* Instagram */,
				EDF1CADB20C6E7F900BB63F4 /* InstagramTests */,
				EDF1CAE620C6E7F900BB63F4 /* InstagramUITests */,
				EDF1CAC520C6E7F800BB63F4 /* Products */,
				3CDE79DB3F203B343347A4EE /* Pods */,
				EF83C18E03D37D2EDBAD9DF8 /* Frameworks */,
			);
			sourceTree = "<group>";
		};
		EDF1CAC520C6E7F800BB63F4 /* Products */ = {
			isa = PBXGroup;
			children = (
				EDF1CAC420C6E7F800BB63F4 /* Instagram.app */,
				EDF1CAD820C6E7F900BB63F4 /* InstagramTests.xctest */,
				EDF1CAE320C6E7F900BB63F4 /* InstagramUITests.xctest */,
			);
			name = Products;
			sourceTree = "<group>";
		};
		EDF1CAC620C6E7F800BB63F4 /* Instagram */ = {
			isa = PBXGroup;
			children = (
				EDF1CAC720C6E7F800BB63F4 /* AppDelegate.swift */,
				EDF1CAC920C6E7F800BB63F4 /* ViewController.swift */,
				EDF1CACB20C6E7F800BB63F4 /* Main.storyboard */,
				EDF1CACE20C6E7F900BB63F4 /* Assets.xcassets */,
				EDF1CAD020C6E7F900BB63F4 /* LaunchScreen.storyboard */,
				EDF1CAD320C6E7F900BB63F4 /* Info.plist */,
			);
			path = Instagram;
			sourceTree = "<group>";
		};
		EDF1CADB20C6E7F900BB63F4 /* InstagramTests */ = {
			isa = PBXGroup;
			children = (
				EDF1CADC20C6E7F900BB63F4 /* InstagramTests.swift */,
				EDF1CADE20C6E7F900BB63F4 /* Info.plist */,
			);
			path = InstagramTests;
			sourceTree = "<group>";
		};
		EDF1CAE620C6E7F900BB63F4 /* InstagramUITests */ = {
			isa = PBXGroup;
			children = (
				EDF1CAE720C6E7F900BB63F4 /* InstagramUITests.swift */,
				EDF1CAE920C6E7F900BB63F4 /* Info.plist */,
			);
			path = InstagramUITests;
			sourceTree = "<group>";
		};
		EF83C18E03D37D2EDBAD9DF8 /* Frameworks */ = {
			isa = PBXGroup;
			children = (
				D70F5FA9D891A056F9D165F9 /* Pods_Instagram.framework */,
			);
			name = Frameworks;
			sourceTree = "<group>";
		};
/* End PBXGroup section */

/* Begin PBXNativeTarget section */
		EDF1CAC320C6E7F800BB63F4 /* Instagram */ = {
			isa = PBXNativeTarget;
			buildConfigurationList = EDF1CAEC20C6E7F900BB63F4 /* Build configuration list for PBXNativeTarget "Instagram" */;
			buildPhases = (
				43F5A3B0F9DB1858E06495CB /* [CP] Check Pods Manifest.lock */,
				EDF1CAC020C6E7F800BB63F4 /* Sources */,
				EDF1CAC120C6E7F800BB63F4 /* Frameworks */,
				EDF1CAC220C6E7F800BB63F4 /* Resources */,
				644BFA8BB5459F9136932E15 /* [CP] Embed Pods Frameworks */,
			);
			buildRules = (
			);
			dependencies = (
			);
			name = Instagram;
			productName = Instagram;
			productReference = EDF1CAC420C6E7F800BB63F4 /* Instagram.app */;
			productType = "com.apple.product-type.application";
		};
		EDF1CAD720C6E7F900BB63F4 /* InstagramTests */ = {
			isa = PBXNativeTarget;
			buildConfigurationList = EDF1CAEF20C6E7F900BB63F4 /* Build configuration list for PBXNativeTarget "InstagramTests" */;
			buildPhases = (
				EDF1CAD420C6E7F900BB63F4 /* Sources */,
				EDF1CAD520C6E7F900BB63F4 /* Frameworks */,
				EDF1CAD620C6E7F900BB63F4 /* Resources */,
			);
			buildRules = (
			);
			dependencies = (
				EDF1CADA20C6E7F900BB63F4 /* PBXTargetDependency */,
			);
			name = InstagramTests;
			productName = InstagramTests;
			productReference = EDF1CAD820C6E7F900BB63F4 /* InstagramTests.xctest */;
			productType = "com.apple.product-type.bundle.unit-test";
		};
		EDF1CAE220C6E7F900BB63F4 /* InstagramUITests */ = {
			isa = PBXNativeTarget;
			buildConfigurationList = EDF1CAF220C6E7F900BB63F4 /* Build configuration list for PBXNativeTarget "InstagramUITests" */;
			buildPhases = (
				EDF1CADF20C6E7F900BB63F4 /* Sources */,
				EDF1CAE020C6E7F900BB63F4 /* Frameworks */,
				EDF1CAE120C6E7F900BB63F4 /* Resources */,
			);
			buildRules = (
			);
			dependencies = (
				EDF1CAE520C6E7F900BB63F4 /* PBXTargetDependency */,
			);
			name = InstagramUITests;
			productName = InstagramUITests;
			productReference = EDF1CAE320C6E7F900BB63F4 /* InstagramUITests.xctest */;
			productType = "com.apple.product-type.bundle.ui-testing";
		};
/* End PBXNativeTarget section */

/* Begin PBXProject section */
		EDF1CABC20C6E7F800BB63F4 /* Project object */ = {
			isa = PBXProject;
			attributes = {
				LastSwiftUpdateCheck = 0940;
				LastUpgradeCheck = 0940;
				ORGANIZATIONNAME = "Anusha Srivastava";
				TargetAttributes = {
					EDF1CAC320C6E7F800BB63F4 = {
						CreatedOnToolsVersion = 9.4;
					};
					EDF1CAD720C6E7F900BB63F4 = {
						CreatedOnToolsVersion = 9.4;
						TestTargetID = EDF1CAC320C6E7F800BB63F4;
					};
					EDF1CAE220C6E7F900BB63F4 = {
						CreatedOnToolsVersion = 9.4;
						TestTargetID = EDF1CAC320C6E7F800BB63F4;
					};
				};
			};
			buildConfigurationList = EDF1CABF20C6E7F800BB63F4 /* Build configuration list for PBXProject "Instagram" */;
			compatibilityVersion = "Xcode 9.3";
			developmentRegion = en;
			hasScannedForEncodings = 0;
			knownRegions = (
				en,
				Base,
			);
			mainGroup = EDF1CABB20C6E7F800BB63F4;
			productRefGroup = EDF1CAC520C6E7F800BB63F4 /* Products */;
			projectDirPath = "";
			projectRoot = "";
			targets = (
				EDF1CAC320C6E7F800BB63F4 /* Instagram */,
				EDF1CAD720C6E7F900BB63F4 /* InstagramTests */,
				EDF1CAE220C6E7F900BB63F4 /* InstagramUITests */,
			);
		};
/* End PBXProject section */

/* Begin PBXResourcesBuildPhase section */
		EDF1CAC220C6E7F800BB63F4 /* Resources */ = {
			isa = PBXResourcesBuildPhase;
			buildActionMask = 2147483647;
			files = (
				EDF1CAD220C6E7F900BB63F4 /* LaunchScreen.storyboard in Resources */,
				EDF1CACF20C6E7F900BB63F4 /* Assets.xcassets in Resources */,
				EDF1CACD20C6E7F800BB63F4 /* Main.storyboard in Resources */,
			);
			runOnlyForDeploymentPostprocessing = 0;
		};
		EDF1CAD620C6E7F900BB63F4 /* Resources */ = {
			isa = PBXResourcesBuildPhase;
			buildActionMask = 2147483647;
			files = (
			);
			runOnlyForDeploymentPostprocessing = 0;
		};
		EDF1CAE120C6E7F900BB63F4 /* Resources */ = {
			isa = PBXResourcesBuildPhase;
			buildActionMask = 2147483647;
			files = (
			);
			runOnlyForDeploymentPostprocessing = 0;
		};
/* End PBXResourcesBuildPhase section */

/* Begin PBXShellScriptBuildPhase section */
		43F5A3B0F9DB1858E06495CB /* [CP] Check Pods Manifest.lock */ = {
			isa = PBXShellScriptBuildPhase;
			buildActionMask = 2147483647;
			files = (
			);
			inputPaths = (
				"${PODS_PODFILE_DIR_PATH}/Podfile.lock",
				"${PODS_ROOT}/Manifest.lock",
			);
			name = "[CP] Check Pods Manifest.lock";
			outputPaths = (
				"$(DERIVED_FILE_DIR)/Pods-Instagram-checkManifestLockResult.txt",
			);
			runOnlyForDeploymentPostprocessing = 0;
			shellPath = /bin/sh;
			shellScript = "diff \"${PODS_PODFILE_DIR_PATH}/Podfile.lock\" \"${PODS_ROOT}/Manifest.lock\" > /dev/null\nif [ $? != 0 ] ; then\n    # print error to STDERR\n    echo \"error: The sandbox is not in sync with the Podfile.lock. Run 'pod install' or update your CocoaPods installation.\" >&2\n    exit 1\nfi\n# This output is used by Xcode 'outputs' to avoid re-running this script phase.\necho \"SUCCESS\" > \"${SCRIPT_OUTPUT_FILE_0}\"\n";
			showEnvVarsInLog = 0;
		};
		644BFA8BB5459F9136932E15 /* [CP] Embed Pods Frameworks */ = {
			isa = PBXShellScriptBuildPhase;
			buildActionMask = 2147483647;
			files = (
			);
			inputPaths = (
				"${SRCROOT}/Pods/Target Support Files/Pods-Instagram/Pods-Instagram-frameworks.sh",
				"${BUILT_PRODUCTS_DIR}/Bolts/Bolts.framework",
				"${BUILT_PRODUCTS_DIR}/Parse/Parse.framework",
			);
			name = "[CP] Embed Pods Frameworks";
			outputPaths = (
				"${TARGET_BUILD_DIR}/${FRAMEWORKS_FOLDER_PATH}/Bolts.framework",
				"${TARGET_BUILD_DIR}/${FRAMEWORKS_FOLDER_PATH}/Parse.framework",
			);
			runOnlyForDeploymentPostprocessing = 0;
			shellPath = /bin/sh;
			shellScript = "\"${SRCROOT}/Pods/Target Support Files/Pods-Instagram/Pods-Instagram-frameworks.sh\"\n";
			showEnvVarsInLog = 0;
		};
/* End PBXShellScriptBuildPhase section */

/* Begin PBXSourcesBuildPhase section */
		EDF1CAC020C6E7F800BB63F4 /* Sources */ = {
			isa = PBXSourcesBuildPhase;
			buildActionMask = 2147483647;
			files = (
				EDF1CACA20C6E7F800BB63F4 /* ViewController.swift in Sources */,
				EDF1CAC820C6E7F800BB63F4 /* AppDelegate.swift in Sources */,
			);
			runOnlyForDeploymentPostprocessing = 0;
		};
		EDF1CAD420C6E7F900BB63F4 /* Sources */ = {
			isa = PBXSourcesBuildPhase;
			buildActionMask = 2147483647;
			files = (
				EDF1CADD20C6E7F900BB63F4 /* InstagramTests.swift in Sources */,
			);
			runOnlyForDeploymentPostprocessing = 0;
		};
		EDF1CADF20C6E7F900BB63F4 /* Sources */ = {
			isa = PBXSourcesBuildPhase;
			buildActionMask = 2147483647;
			files = (
				EDF1CAE820C6E7F900BB63F4 /* InstagramUITests.swift in Sources */,
			);
			runOnlyForDeploymentPostprocessing = 0;
		};
/* End PBXSourcesBuildPhase section */

/* Begin PBXTargetDependency section */
		EDF1CADA20C6E7F900BB63F4 /* PBXTargetDependency */ = {
			isa = PBXTargetDependency;
			target = EDF1CAC320C6E7F800BB63F4 /* Instagram */;
			targetProxy = EDF1CAD920C6E7F900BB63F4 /* PBXContainerItemProxy */;
		};
		EDF1CAE520C6E7F900BB63F4 /* PBXTargetDependency */ = {
			isa = PBXTargetDependency;
			target = EDF1CAC320C6E7F800BB63F4 /* Instagram */;
			targetProxy = EDF1CAE420C6E7F900BB63F4 /* PBXContainerItemProxy */;
		};
/* End PBXTargetDependency section */

/* Begin PBXVariantGroup section */
		EDF1CACB20C6E7F800BB63F4 /* Main.storyboard */ = {
			isa = PBXVariantGroup;
			children = (
				EDF1CACC20C6E7F800BB63F4 /* Base */,
			);
			name = Main.storyboard;
			sourceTree = "<group>";
		};
		EDF1CAD020C6E7F900BB63F4 /* LaunchScreen.storyboard */ = {
			isa = PBXVariantGroup;
			children = (
				EDF1CAD120C6E7F900BB63F4 /* Base */,
			);
			name = LaunchScreen.storyboard;
			sourceTree = "<group>";
		};
/* End PBXVariantGroup section */

/* Begin XCBuildConfiguration section */
		EDF1CAEA20C6E7F900BB63F4 /* Debug */ = {
			isa = XCBuildConfiguration;
			buildSettings = {
				ALWAYS_SEARCH_USER_PATHS = NO;
				CLANG_ANALYZER_NONNULL = YES;
				CLANG_ANALYZER_NUMBER_OBJECT_CONVERSION = YES_AGGRESSIVE;
				CLANG_CXX_LANGUAGE_STANDARD = "gnu++14";
				CLANG_CXX_LIBRARY = "libc++";
				CLANG_ENABLE_MODULES = YES;
				CLANG_ENABLE_OBJC_ARC = YES;
				CLANG_ENABLE_OBJC_WEAK = YES;
				CLANG_WARN_BLOCK_CAPTURE_AUTORELEASING = YES;
				CLANG_WARN_BOOL_CONVERSION = YES;
				CLANG_WARN_COMMA = YES;
				CLANG_WARN_CONSTANT_CONVERSION = YES;
				CLANG_WARN_DEPRECATED_OBJC_IMPLEMENTATIONS = YES;
				CLANG_WARN_DIRECT_OBJC_ISA_USAGE = YES_ERROR;
				CLANG_WARN_DOCUMENTATION_COMMENTS = YES;
				CLANG_WARN_EMPTY_BODY = YES;
				CLANG_WARN_ENUM_CONVERSION = YES;
				CLANG_WARN_INFINITE_RECURSION = YES;
				CLANG_WARN_INT_CONVERSION = YES;
				CLANG_WARN_NON_LITERAL_NULL_CONVERSION = YES;
				CLANG_WARN_OBJC_IMPLICIT_RETAIN_SELF = YES;
				CLANG_WARN_OBJC_LITERAL_CONVERSION = YES;
				CLANG_WARN_OBJC_ROOT_CLASS = YES_ERROR;
				CLANG_WARN_RANGE_LOOP_ANALYSIS = YES;
				CLANG_WARN_STRICT_PROTOTYPES = YES;
				CLANG_WARN_SUSPICIOUS_MOVE = YES;
				CLANG_WARN_UNGUARDED_AVAILABILITY = YES_AGGRESSIVE;
				CLANG_WARN_UNREACHABLE_CODE = YES;
				CLANG_WARN__DUPLICATE_METHOD_MATCH = YES;
				CODE_SIGN_IDENTITY = "iPhone Developer";
				COPY_PHASE_STRIP = NO;
				DEBUG_INFORMATION_FORMAT = dwarf;
				ENABLE_STRICT_OBJC_MSGSEND = YES;
				ENABLE_TESTABILITY = YES;
				GCC_C_LANGUAGE_STANDARD = gnu11;
				GCC_DYNAMIC_NO_PIC = NO;
				GCC_NO_COMMON_BLOCKS = YES;
				GCC_OPTIMIZATION_LEVEL = 0;
				GCC_PREPROCESSOR_DEFINITIONS = (
					"DEBUG=1",
					"$(inherited)",
				);
				GCC_WARN_64_TO_32_BIT_CONVERSION = YES;
				GCC_WARN_ABOUT_RETURN_TYPE = YES_ERROR;
				GCC_WARN_UNDECLARED_SELECTOR = YES;
				GCC_WARN_UNINITIALIZED_AUTOS = YES_AGGRESSIVE;
				GCC_WARN_UNUSED_FUNCTION = YES;
				GCC_WARN_UNUSED_VARIABLE = YES;
				IPHONEOS_DEPLOYMENT_TARGET = 11.4;
				MTL_ENABLE_DEBUG_INFO = YES;
				ONLY_ACTIVE_ARCH = YES;
				SDKROOT = iphoneos;
				SWIFT_ACTIVE_COMPILATION_CONDITIONS = DEBUG;
				SWIFT_OPTIMIZATION_LEVEL = "-Onone";
			};
			name = Debug;
		};
		EDF1CAEB20C6E7F900BB63F4 /* Release */ = {
			isa = XCBuildConfiguration;
			buildSettings = {
				ALWAYS_SEARCH_USER_PATHS = NO;
				CLANG_ANALYZER_NONNULL = YES;
				CLANG_ANALYZER_NUMBER_OBJECT_CONVERSION = YES_AGGRESSIVE;
				CLANG_CXX_LANGUAGE_STANDARD = "gnu++14";
				CLANG_CXX_LIBRARY = "libc++";
				CLANG_ENABLE_MODULES = YES;
				CLANG_ENABLE_OBJC_ARC = YES;
				CLANG_ENABLE_OBJC_WEAK = YES;
				CLANG_WARN_BLOCK_CAPTURE_AUTORELEASING = YES;
				CLANG_WARN_BOOL_CONVERSION = YES;
				CLANG_WARN_COMMA = YES;
				CLANG_WARN_CONSTANT_CONVERSION = YES;
				CLANG_WARN_DEPRECATED_OBJC_IMPLEMENTATIONS = YES;
				CLANG_WARN_DIRECT_OBJC_ISA_USAGE = YES_ERROR;
				CLANG_WARN_DOCUMENTATION_COMMENTS = YES;
				CLANG_WARN_EMPTY_BODY = YES;
				CLANG_WARN_ENUM_CONVERSION = YES;
				CLANG_WARN_INFINITE_RECURSION = YES;
				CLANG_WARN_INT_CONVERSION = YES;
				CLANG_WARN_NON_LITERAL_NULL_CONVERSION = YES;
				CLANG_WARN_OBJC_IMPLICIT_RETAIN_SELF = YES;
				CLANG_WARN_OBJC_LITERAL_CONVERSION = YES;
				CLANG_WARN_OBJC_ROOT_CLASS = YES_ERROR;
				CLANG_WARN_RANGE_LOOP_ANALYSIS = YES;
				CLANG_WARN_STRICT_PROTOTYPES = YES;
				CLANG_WARN_SUSPICIOUS_MOVE = YES;
				CLANG_WARN_UNGUARDED_AVAILABILITY = YES_AGGRESSIVE;
				CLANG_WARN_UNREACHABLE_CODE = YES;
				CLANG_WARN__DUPLICATE_METHOD_MATCH = YES;
				CODE_SIGN_IDENTITY = "iPhone Developer";
				COPY_PHASE_STRIP = NO;
				DEBUG_INFORMATION_FORMAT = "dwarf-with-dsym";
				ENABLE_NS_ASSERTIONS = NO;
				ENABLE_STRICT_OBJC_MSGSEND = YES;
				GCC_C_LANGUAGE_STANDARD = gnu11;
				GCC_NO_COMMON_BLOCKS = YES;
				GCC_WARN_64_TO_32_BIT_CONVERSION = YES;
				GCC_WARN_ABOUT_RETURN_TYPE = YES_ERROR;
				GCC_WARN_UNDECLARED_SELECTOR = YES;
				GCC_WARN_UNINITIALIZED_AUTOS = YES_AGGRESSIVE;
				GCC_WARN_UNUSED_FUNCTION = YES;
				GCC_WARN_UNUSED_VARIABLE = YES;
				IPHONEOS_DEPLOYMENT_TARGET = 11.4;
				MTL_ENABLE_DEBUG_INFO = NO;
				SDKROOT = iphoneos;
				SWIFT_COMPILATION_MODE = wholemodule;
				SWIFT_OPTIMIZATION_LEVEL = "-O";
				VALIDATE_PRODUCT = YES;
			};
			name = Release;
		};
		EDF1CAED20C6E7F900BB63F4 /* Debug */ = {
			isa = XCBuildConfiguration;
			baseConfigurationReference = 766C108A5D8D91D3A9F4EADD /* Pods-Instagram.debug.xcconfig */;
			buildSettings = {
				ASSETCATALOG_COMPILER_APPICON_NAME = AppIcon;
				CODE_SIGN_STYLE = Automatic;
				DEVELOPMENT_TEAM = 286GJTG2B6;
				INFOPLIST_FILE = Instagram/Info.plist;
				LD_RUNPATH_SEARCH_PATHS = (
					"$(inherited)",
					"@executable_path/Frameworks",
				);
				PRODUCT_BUNDLE_IDENTIFIER = com.anusha.Instagram;
				PRODUCT_NAME = "$(TARGET_NAME)";
				SWIFT_VERSION = 4.0;
				TARGETED_DEVICE_FAMILY = "1,2";
			};
			name = Debug;
		};
		EDF1CAEE20C6E7F900BB63F4 /* Release */ = {
			isa = XCBuildConfiguration;
			baseConfigurationReference = DEC02BCA518879BB21B38ED5 /* Pods-Instagram.release.xcconfig */;
			buildSettings = {
				ASSETCATALOG_COMPILER_APPICON_NAME = AppIcon;
				CODE_SIGN_STYLE = Automatic;
				DEVELOPMENT_TEAM = 286GJTG2B6;
				INFOPLIST_FILE = Instagram/Info.plist;
				LD_RUNPATH_SEARCH_PATHS = (
					"$(inherited)",
					"@executable_path/Frameworks",
				);
				PRODUCT_BUNDLE_IDENTIFIER = com.anusha.Instagram;
				PRODUCT_NAME = "$(TARGET_NAME)";
				SWIFT_VERSION = 4.0;
				TARGETED_DEVICE_FAMILY = "1,2";
			};
			name = Release;
		};
		EDF1CAF020C6E7F900BB63F4 /* Debug */ = {
			isa = XCBuildConfiguration;
			buildSettings = {
				ALWAYS_EMBED_SWIFT_STANDARD_LIBRARIES = YES;
				BUNDLE_LOADER = "$(TEST_HOST)";
				CODE_SIGN_STYLE = Automatic;
				INFOPLIST_FILE = InstagramTests/Info.plist;
				LD_RUNPATH_SEARCH_PATHS = (
					"$(inherited)",
					"@executable_path/Frameworks",
					"@loader_path/Frameworks",
				);
				PRODUCT_BUNDLE_IDENTIFIER = com.anusha.InstagramTests;
				PRODUCT_NAME = "$(TARGET_NAME)";
				SWIFT_VERSION = 4.0;
				TARGETED_DEVICE_FAMILY = "1,2";
				TEST_HOST = "$(BUILT_PRODUCTS_DIR)/Instagram.app/Instagram";
			};
			name = Debug;
		};
		EDF1CAF120C6E7F900BB63F4 /* Release */ = {
			isa = XCBuildConfiguration;
			buildSettings = {
				ALWAYS_EMBED_SWIFT_STANDARD_LIBRARIES = YES;
				BUNDLE_LOADER = "$(TEST_HOST)";
				CODE_SIGN_STYLE = Automatic;
				INFOPLIST_FILE = InstagramTests/Info.plist;
				LD_RUNPATH_SEARCH_PATHS = (
					"$(inherited)",
					"@executable_path/Frameworks",
					"@loader_path/Frameworks",
				);
				PRODUCT_BUNDLE_IDENTIFIER = com.anusha.InstagramTests;
				PRODUCT_NAME = "$(TARGET_NAME)";
				SWIFT_VERSION = 4.0;
				TARGETED_DEVICE_FAMILY = "1,2";
				TEST_HOST = "$(BUILT_PRODUCTS_DIR)/Instagram.app/Instagram";
			};
			name = Release;
		};
		EDF1CAF320C6E7F900BB63F4 /* Debug */ = {
			isa = XCBuildConfiguration;
			buildSettings = {
				ALWAYS_EMBED_SWIFT_STANDARD_LIBRARIES = YES;
				CODE_SIGN_STYLE = Automatic;
				INFOPLIST_FILE = InstagramUITests/Info.plist;
				LD_RUNPATH_SEARCH_PATHS = (
					"$(inherited)",
					"@executable_path/Frameworks",
					"@loader_path/Frameworks",
				);
				PRODUCT_BUNDLE_IDENTIFIER = com.anusha.InstagramUITests;
				PRODUCT_NAME = "$(TARGET_NAME)";
				SWIFT_VERSION = 4.0;
				TARGETED_DEVICE_FAMILY = "1,2";
				TEST_TARGET_NAME = Instagram;
			};
			name = Debug;
		};
		EDF1CAF420C6E7F900BB63F4 /* Release */ = {
			isa = XCBuildConfiguration;
			buildSettings = {
				ALWAYS_EMBED_SWIFT_STANDARD_LIBRARIES = YES;
				CODE_SIGN_STYLE = Automatic;
				INFOPLIST_FILE = InstagramUITests/Info.plist;
				LD_RUNPATH_SEARCH_PATHS = (
					"$(inherited)",
					"@executable_path/Frameworks",
					"@loader_path/Frameworks",
				);
				PRODUCT_BUNDLE_IDENTIFIER = com.anusha.InstagramUITests;
				PRODUCT_NAME = "$(TARGET_NAME)";
				SWIFT_VERSION = 4.0;
				TARGETED_DEVICE_FAMILY = "1,2";
				TEST_TARGET_NAME = Instagram;
			};
			name = Release;
		};
/* End XCBuildConfiguration section */

/* Begin XCConfigurationList section */
		EDF1CABF20C6E7F800BB63F4 /* Build configuration list for PBXProject "Instagram" */ = {
			isa = XCConfigurationList;
			buildConfigurations = (
				EDF1CAEA20C6E7F900BB63F4 /* Debug */,
				EDF1CAEB20C6E7F900BB63F4 /* Release */,
			);
			defaultConfigurationIsVisible = 0;
			defaultConfigurationName = Release;
		};
		EDF1CAEC20C6E7F900BB63F4 /* Build configuration list for PBXNativeTarget "Instagram" */ = {
			isa = XCConfigurationList;
			buildConfigurations = (
				EDF1CAED20C6E7F900BB63F4 /* Debug */,
				EDF1CAEE20C6E7F900BB63F4 /* Release */,
			);
			defaultConfigurationIsVisible = 0;
			defaultConfigurationName = Release;
		};
		EDF1CAEF20C6E7F900BB63F4 /* Build configuration list for PBXNativeTarget "InstagramTests" */ = {
			isa = XCConfigurationList;
			buildConfigurations = (
				EDF1CAF020C6E7F900BB63F4 /* Debug */,
				EDF1CAF120C6E7F900BB63F4 /* Release */,
			);
			defaultConfigurationIsVisible = 0;
			defaultConfigurationName = Release;
		};
		EDF1CAF220C6E7F900BB63F4 /* Build configuration list for PBXNativeTarget "InstagramUITests" */ = {
			isa = XCConfigurationList;
			buildConfigurations = (
				EDF1CAF320C6E7F900BB63F4 /* Debug */,
				EDF1CAF420C6E7F900BB63F4 /* Release */,
			);
			defaultConfigurationIsVisible = 0;
			defaultConfigurationName = Release;
		};
/* End XCConfigurationList section */
	};
	rootObject = EDF1CABC20C6E7F800BB63F4 /* Project object */;
}
